
Microsoft Visual Studio Solution File, Format Version 12.00
# Visual Studio Version 17
VisualStudioVersion = 17.14.36109.1 d17.14
MinimumVisualStudioVersion = 10.0.40219.1
Project("{FAE04EC0-301F-11D3-BF4B-00C04F79EFBC}") = "TodoApi", "TodoApi\TodoApi.csproj", "{18AD2FE4-A44A-4621-868F-E28CE77F274B}"
EndProject
Project("{FAE04EC0-301F-11D3-BF4B-00C04F79EFBC}") = "TodoApi.Tests", "TodoApi.Tests\TodoApi.Tests.csproj", "{C1885E3E-A25F-4B5F-8E72-293FF3ABC2B1}"
EndProject
Global
	GlobalSection(SolutionConfigurationPlatforms) = preSolution
		Debug|Any CPU = Debug|Any CPU
		Release|Any CPU = Release|Any CPU
	EndGlobalSection
	GlobalSection(ProjectConfigurationPlatforms) = postSolution
		{18AD2FE4-A44A-4621-868F-E28CE77F274B}.Debug|Any CPU.ActiveCfg = Debug|Any CPU
		{18AD2FE4-A44A-4621-868F-E28CE77F274B}.Debug|Any CPU.Build.0 = Debug|Any CPU
		{18AD2FE4-A44A-4621-868F-E28CE77F274B}.Release|Any CPU.ActiveCfg = Release|Any CPU
		{18AD2FE4-A44A-4621-868F-E28CE77F274B}.Release|Any CPU.Build.0 = Release|Any CPU
		{C1885E3E-A25F-4B5F-8E72-293FF3ABC2B1}.Debug|Any CPU.ActiveCfg = Debug|Any CPU
		{C1885E3E-A25F-4B5F-8E72-293FF3ABC2B1}.Debug|Any CPU.Build.0 = Debug|Any CPU
		{C1885E3E-A25F-4B5F-8E72-293FF3ABC2B1}.Release|Any CPU.ActiveCfg = Release|Any CPU
		{C1885E3E-A25F-4B5F-8E72-293FF3ABC2B1}.Release|Any CPU.Build.0 = Release|Any CPU
	EndGlobalSection
	GlobalSection(SolutionProperties) = preSolution
		HideSolutionNode = FALSE
	EndGlobalSection
	GlobalSection(ExtensibilityGlobals) = postSolution
		SolutionGuid = {C19FBA2D-E440-41FE-992F-2A1B8C533B16}
	EndGlobalSection
EndGlobal
